// !$*UTF8*$!
{
	archiveVersion = 1;
	classes = {
	};
	objectVersion = 48;
	objects = {

/* Begin PBXBuildFile section */
		B652DCA11F87C70C00584DED /* AppDelegate.swift in Sources */ = {isa = PBXBuildFile; fileRef = B652DCA01F87C70C00584DED /* AppDelegate.swift */; };
		B652DCA31F87C70C00584DED /* ViewController.swift in Sources */ = {isa = PBXBuildFile; fileRef = B652DCA21F87C70C00584DED /* ViewController.swift */; };
		B652DCA61F87C70C00584DED /* Main.storyboard in Resources */ = {isa = PBXBuildFile; fileRef = B652DCA41F87C70C00584DED /* Main.storyboard */; };
		B652DCA81F87C70C00584DED /* Assets.xcassets in Resources */ = {isa = PBXBuildFile; fileRef = B652DCA71F87C70C00584DED /* Assets.xcassets */; };
		B652DCAB1F87C70C00584DED /* LaunchScreen.storyboard in Resources */ = {isa = PBXBuildFile; fileRef = B652DCA91F87C70C00584DED /* LaunchScreen.storyboard */; };
/* End PBXBuildFile section */

/* Begin PBXFileReference section */
		B652DC9D1F87C70C00584DED /* FirstRealApp.app */ = {isa = PBXFileReference; explicitFileType = wrapper.application; includeInIndex = 0; path = FirstRealApp.app; sourceTree = BUILT_PRODUCTS_DIR; };
		B652DCA01F87C70C00584DED /* AppDelegate.swift */ = {isa = PBXFileReference; lastKnownFileType = sourcecode.swift; path = AppDelegate.swift; sourceTree = "<group>"; };
		B652DCA21F87C70C00584DED /* ViewController.swift */ = {isa = PBXFileReference; lastKnownFileType = sourcecode.swift; path = ViewController.swift; sourceTree = "<group>"; };
		B652DCA51F87C70C00584DED /* Base */ = {isa = PBXFileReference; lastKnownFileType = file.storyboard; name = Base; path = Base.lproj/Main.storyboard; sourceTree = "<group>"; };
		B652DCA71F87C70C00584DED /* Assets.xcassets */ = {isa = PBXFileReference; lastKnownFileType = folder.assetcatalog; path = Assets.xcassets; sourceTree = "<group>"; };
		B652DCAA1F87C70C00584DED /* Base */ = {isa = PBXFileReference; lastKnownFileType = file.storyboard; name = Base; path = Base.lproj/LaunchScreen.storyboard; sourceTree = "<group>"; };
		B652DCAC1F87C70C00584DED /* Info.plist */ = {isa = PBXFileReference; lastKnownFileType = text.plist.xml; path = Info.plist; sourceTree = "<group>"; };
/* End PBXFileReference section */

/* Begin PBXFrameworksBuildPhase section */
		B652DC9A1F87C70C00584DED /* Frameworks */ = {
			isa = PBXFrameworksBuildPhase;
			buildActionMask = 2147483647;
			files = (
			);
			runOnlyForDeploymentPostprocessing = 0;
		};
/* End PBXFrameworksBuildPhase section */

/* Begin PBXGroup section */
		B63174EF1F87D97B00315AE9 /* Settings */ = {
			isa = PBXGroup;
			children = (
				B652DCAC1F87C70C00584DED /* Info.plist */,
			);
			path = Settings;
			sourceTree = "<group>";
		};
		B63174F01F87D99100315AE9 /* Controller */ = {
			isa = PBXGroup;
			children = (
				B652DCA01F87C70C00584DED /* AppDelegate.swift */,
				B652DCA21F87C70C00584DED /* ViewController.swift */,
			);
			path = Controller;
			sourceTree = "<group>";
		};
		B652DC941F87C70C00584DED = {
			isa = PBXGroup;
			children = (
				B652DC9F1F87C70C00584DED /* FirstRealApp */,
				B652DC9E1F87C70C00584DED /* Products */,
			);
			sourceTree = "<group>";
		};
		B652DC9E1F87C70C00584DED /* Products */ = {
			isa = PBXGroup;
			children = (
				B652DC9D1F87C70C00584DED /* FirstRealApp.app */,
			);
			name = Products;
			sourceTree = "<group>";
		};
		B652DC9F1F87C70C00584DED /* FirstRealApp */ = {
			isa = PBXGroup;
			children = (
				B63174F01F87D99100315AE9 /* Controller */,
				B652DCA41F87C70C00584DED /* Main.storyboard */,
				B652DCA71F87C70C00584DED /* Assets.xcassets */,
				B652DCA91F87C70C00584DED /* LaunchScreen.storyboard */,
				B63174EF1F87D97B00315AE9 /* Settings */,
			);
			path = FirstRealApp;
			sourceTree = "<group>";
		};
/* End PBXGroup section */

/* Begin PBXNativeTarget section */
		B652DC9C1F87C70C00584DED /* FirstRealApp */ = {
			isa = PBXNativeTarget;
			buildConfigurationList = B652DCAF1F87C70C00584DED /* Build configuration list for PBXNativeTarget "FirstRealApp" */;
			buildPhases = (
				B652DC991F87C70C00584DED /* Sources */,
				B652DC9A1F87C70C00584DED /* Frameworks */,
				B652DC9B1F87C70C00584DED /* Resources */,
			);
			buildRules = (
			);
			dependencies = (
			);
			name = FirstRealApp;
			productName = FirstRealApp;
			productReference = B652DC9D1F87C70C00584DED /* FirstRealApp.app */;
			productType = "com.apple.product-type.application";
		};
/* End PBXNativeTarget section */

/* Begin PBXProject section */
		B652DC951F87C70C00584DED /* Project object */ = {
			isa = PBXProject;
			attributes = {
				LastSwiftUpdateCheck = 0900;
				LastUpgradeCheck = 0900;
				ORGANIZATIONNAME = CTEC;
				TargetAttributes = {
					B652DC9C1F87C70C00584DED = {
						CreatedOnToolsVersion = 9.0;
						ProvisioningStyle = Automatic;
					};
				};
			};
			buildConfigurationList = B652DC981F87C70C00584DED /* Build configuration list for PBXProject "FirstRealApp" */;
			compatibilityVersion = "Xcode 8.0";
			developmentRegion = en;
			hasScannedForEncodings = 0;
			knownRegions = (
				en,
				Base,
			);
			mainGroup = B652DC941F87C70C00584DED;
			productRefGroup = B652DC9E1F87C70C00584DED /* Products */;
			projectDirPath = "";
			projectRoot = "";
			targets = (
				B652DC9C1F87C70C00584DED /* FirstRealApp */,
			);
		};
/* End PBXProject section */

/* Begin PBXResourcesBuildPhase section */
		B652DC9B1F87C70C00584DED /* Resources */ = {
			isa = PBXResourcesBuildPhase;
			buildActionMask = 2147483647;
			files = (
				B652DCAB1F87C70C00584DED /* LaunchScreen.storyboard in Resources */,
				B652DCA81F87C70C00584DED /* Assets.xcassets in Resources */,
				B652DCA61F87C70C00584DED /* Main.storyboard in Resources */,
			);
			runOnlyForDeploymentPostprocessing = 0;
		};
/* End PBXResourcesBuildPhase section */

/* Begin PBXSourcesBuildPhase section */
		B652DC991F87C70C00584DED /* Sources */ = {
			isa = PBXSourcesBuildPhase;
			buildActionMask = 2147483647;
			files = (
				B652DCA31F87C70C00584DED /* ViewController.swift in Sources */,
				B652DCA11F87C70C00584DED /* AppDelegate.swift in Sources */,
			);
			runOnlyForDeploymentPostprocessing = 0;
		};
/* End PBXSourcesBuildPhase section */

/* Begin PBXVariantGroup section */
		B652DCA41F87C70C00584DED /* Main.storyboard */ = {
			isa = PBXVariantGroup;
			children = (
				B652DCA51F87C70C00584DED /* Base */,
			);
			name = Main.storyboard;
			sourceTree = "<group>";
		};
		B652DCA91F87C70C00584DED /* LaunchScreen.storyboard */ = {
			isa = PBXVariantGroup;
			children = (
				B652DCAA1F87C70C00584DED /* Base */,
			);
			name = LaunchScreen.storyboard;
			sourceTree = "<group>";
		};
/* End PBXVariantGroup section */

/* Begin XCBuildConfiguration section */
		B652DCAD1F87C70C00584DED /* Debug */ = {
			isa = XCBuildConfiguration;
			buildSettings = {
				ALWAYS_SEARCH_USER_PATHS = NO;
				CLANG_ANALYZER_NONNULL = YES;
				CLANG_ANALYZER_NUMBER_OBJECT_CONVERSION = YES_AGGRESSIVE;
				CLANG_CXX_LANGUAGE_STANDARD = "gnu++14";
				CLANG_CXX_LIBRARY = "libc++";
				CLANG_ENABLE_MODULES = YES;
				CLANG_ENABLE_OBJC_ARC = YES;
				CLANG_WARN_BLOCK_CAPTURE_AUTORELEASING = YES;
				CLANG_WARN_BOOL_CONVERSION = YES;
				CLANG_WARN_COMMA = YES;
				CLANG_WARN_CONSTANT_CONVERSION = YES;
				CLANG_WARN_DIRECT_OBJC_ISA_USAGE = YES_ERROR;
				CLANG_WARN_DOCUMENTATION_COMMENTS = YES;
				CLANG_WARN_EMPTY_BODY = YES;
				CLANG_WARN_ENUM_CONVERSION = YES;
				CLANG_WARN_INFINITE_RECURSION = YES;
				CLANG_WARN_INT_CONVERSION = YES;
				CLANG_WARN_NON_LITERAL_NULL_CONVERSION = YES;
				CLANG_WARN_OBJC_LITERAL_CONVERSION = YES;
				CLANG_WARN_OBJC_ROOT_CLASS = YES_ERROR;
				CLANG_WARN_RANGE_LOOP_ANALYSIS = YES;
				CLANG_WARN_STRICT_PROTOTYPES = YES;
				CLANG_WARN_SUSPICIOUS_MOVE = YES;
				CLANG_WARN_UNGUARDED_AVAILABILITY = YES_AGGRESSIVE;
				CLANG_WARN_UNREACHABLE_CODE = YES;
				CLANG_WARN__DUPLICATE_METHOD_MATCH = YES;
				CODE_SIGN_IDENTITY = "iPhone Developer";
				COPY_PHASE_STRIP = NO;
				DEBUG_INFORMATION_FORMAT = dwarf;
				ENABLE_STRICT_OBJC_MSGSEND = YES;
				ENABLE_TESTABILITY = YES;
				GCC_C_LANGUAGE_STANDARD = gnu11;
				GCC_DYNAMIC_NO_PIC = NO;
				GCC_NO_COMMON_BLOCKS = YES;
				GCC_OPTIMIZATION_LEVEL = 0;
				GCC_PREPROCESSOR_DEFINITIONS = (
					"DEBUG=1",
					"$(inherited)",
				);
				GCC_WARN_64_TO_32_BIT_CONVERSION = YES;
				GCC_WARN_ABOUT_RETURN_TYPE = YES_ERROR;
				GCC_WARN_UNDECLARED_SELECTOR = YES;
				GCC_WARN_UNINITIALIZED_AUTOS = YES_AGGRESSIVE;
				GCC_WARN_UNUSED_FUNCTION = YES;
				GCC_WARN_UNUSED_VARIABLE = YES;
				IPHONEOS_DEPLOYMENT_TARGET = 11.0;
				MTL_ENABLE_DEBUG_INFO = YES;
				ONLY_ACTIVE_ARCH = YES;
				SDKROOT = iphoneos;
				SWIFT_ACTIVE_COMPILATION_CONDITIONS = DEBUG;
				SWIFT_OPTIMIZATION_LEVEL = "-Onone";
			};
			name = Debug;
		};
		B652DCAE1F87C70C00584DED /* Release */ = {
			isa = XCBuildConfiguration;
			buildSettings = {
				ALWAYS_SEARCH_USER_PATHS = NO;
				CLANG_ANALYZER_NONNULL = YES;
				CLANG_ANALYZER_NUMBER_OBJECT_CONVERSION = YES_AGGRESSIVE;
				CLANG_CXX_LANGUAGE_STANDARD = "gnu++14";
				CLANG_CXX_LIBRARY = "libc++";
				CLANG_ENABLE_MODULES = YES;
				CLANG_ENABLE_OBJC_ARC = YES;
				CLANG_WARN_BLOCK_CAPTURE_AUTORELEASING = YES;
				CLANG_WARN_BOOL_CONVERSION = YES;
				CLANG_WARN_COMMA = YES;
				CLANG_WARN_CONSTANT_CONVERSION = YES;
				CLANG_WARN_DIRECT_OBJC_ISA_USAGE = YES_ERROR;
				CLANG_WARN_DOCUMENTATION_COMMENTS = YES;
				CLANG_WARN_EMPTY_BODY = YES;
				CLANG_WARN_ENUM_CONVERSION = YES;
				CLANG_WARN_INFINITE_RECURSION = YES;
				CLANG_WARN_INT_CONVERSION = YES;
				CLANG_WARN_NON_LITERAL_NULL_CONVERSION = YES;
				CLANG_WARN_OBJC_LITERAL_CONVERSION = YES;
				CLANG_WARN_OBJC_ROOT_CLASS = YES_ERROR;
				CLANG_WARN_RANGE_LOOP_ANALYSIS = YES;
				CLANG_WARN_STRICT_PROTOTYPES = YES;
				CLANG_WARN_SUSPICIOUS_MOVE = YES;
				CLANG_WARN_UNGUARDED_AVAILABILITY = YES_AGGRESSIVE;
				CLANG_WARN_UNREACHABLE_CODE = YES;
				CLANG_WARN__DUPLICATE_METHOD_MATCH = YES;
				CODE_SIGN_IDENTITY = "iPhone Developer";
				COPY_PHASE_STRIP = NO;
				DEBUG_INFORMATION_FORMAT = "dwarf-with-dsym";
				ENABLE_NS_ASSERTIONS = NO;
				ENABLE_STRICT_OBJC_MSGSEND = YES;
				GCC_C_LANGUAGE_STANDARD = gnu11;
				GCC_NO_COMMON_BLOCKS = YES;
				GCC_WARN_64_TO_32_BIT_CONVERSION = YES;
				GCC_WARN_ABOUT_RETURN_TYPE = YES_ERROR;
				GCC_WARN_UNDECLARED_SELECTOR = YES;
				GCC_WARN_UNINITIALIZED_AUTOS = YES_AGGRESSIVE;
				GCC_WARN_UNUSED_FUNCTION = YES;
				GCC_WARN_UNUSED_VARIABLE = YES;
				IPHONEOS_DEPLOYMENT_TARGET = 11.0;
				MTL_ENABLE_DEBUG_INFO = NO;
				SDKROOT = iphoneos;
				SWIFT_OPTIMIZATION_LEVEL = "-Owholemodule";
				VALIDATE_PRODUCT = YES;
			};
			name = Release;
		};
		B652DCB01F87C70C00584DED /* Debug */ = {
			isa = XCBuildConfiguration;
			buildSettings = {
				ASSETCATALOG_COMPILER_APPICON_NAME = AppIcon;
				CODE_SIGN_STYLE = Automatic;
				INFOPLIST_FILE = FirstRealApp/Info.plist;
				LD_RUNPATH_SEARCH_PATHS = "$(inherited) @executable_path/Frameworks";
				PRODUCT_BUNDLE_IDENTIFIER = CTEC.FirstRealApp;
				PRODUCT_NAME = "$(TARGET_NAME)";
				SWIFT_VERSION = 4.0;
				TARGETED_DEVICE_FAMILY = "1,2";
			};
			name = Debug;
		};
		B652DCB11F87C70C00584DED /* Release */ = {
			isa = XCBuildConfiguration;
			buildSettings = {
				ASSETCATALOG_COMPILER_APPICON_NAME = AppIcon;
				CODE_SIGN_STYLE = Automatic;
				INFOPLIST_FILE = FirstRealApp/Info.plist;
				LD_RUNPATH_SEARCH_PATHS = "$(inherited) @executable_path/Frameworks";
				PRODUCT_BUNDLE_IDENTIFIER = CTEC.FirstRealApp;
				PRODUCT_NAME = "$(TARGET_NAME)";
				SWIFT_VERSION = 4.0;
				TARGETED_DEVICE_FAMILY = "1,2";
			};
			name = Release;
		};
/* End XCBuildConfiguration section */

/* Begin XCConfigurationList section */
		B652DC981F87C70C00584DED /* Build configuration list for PBXProject "FirstRealApp" */ = {
			isa = XCConfigurationList;
			buildConfigurations = (
				B652DCAD1F87C70C00584DED /* Debug */,
				B652DCAE1F87C70C00584DED /* Release */,
			);
			defaultConfigurationIsVisible = 0;
			defaultConfigurationName = Release;
		};
		B652DCAF1F87C70C00584DED /* Build configuration list for PBXNativeTarget "FirstRealApp" */ = {
			isa = XCConfigurationList;
			buildConfigurations = (
				B652DCB01F87C70C00584DED /* Debug */,
				B652DCB11F87C70C00584DED /* Release */,
			);
			defaultConfigurationIsVisible = 0;
			defaultConfigurationName = Release;
		};
/* End XCConfigurationList section */
	};
	rootObject = B652DC951F87C70C00584DED /* Project object */;
}
